// !$*UTF8*$!
{
	archiveVersion = 1;
	classes = {
	};
	objectVersion = 50;
	objects = {

/* Begin PBXBuildFile section */
		04444BBB235569C800711375 /* NSString+CrashNilSafe.m in Sources */ = {isa = PBXBuildFile; fileRef = 04444BBA235569C800711375 /* NSString+CrashNilSafe.m */; };
		04444BC32355760900711375 /* NSSet+CrashNilSafe.m in Sources */ = {isa = PBXBuildFile; fileRef = 04444BC22355760900711375 /* NSSet+CrashNilSafe.m */; };
		04444BCB235578B500711375 /* NSCache+CrashNilSafe.m in Sources */ = {isa = PBXBuildFile; fileRef = 04444BCA235578B500711375 /* NSCache+CrashNilSafe.m */; };
		0481308C2366C00F008FECB4 /* VC2.m in Sources */ = {isa = PBXBuildFile; fileRef = 0481308B2366C00F008FECB4 /* VC2.m */; };
		048558DC234F2E9800C84640 /* NSArray+CrashNilSafe.m in Sources */ = {isa = PBXBuildFile; fileRef = 048558D4234F2E9700C84640 /* NSArray+CrashNilSafe.m */; };
		048558DE234F2E9800C84640 /* NSDictionary+CrashNilSafe.m in Sources */ = {isa = PBXBuildFile; fileRef = 048558DA234F2E9700C84640 /* NSDictionary+CrashNilSafe.m */; };
		04AD157523692E3C007430BD /* NSData+CrashNilSafe.m in Sources */ = {isa = PBXBuildFile; fileRef = 04AD157423692E3C007430BD /* NSData+CrashNilSafe.m */; };
		04D1BD212339AFF2004D9BF8 /* AppDelegate.m in Sources */ = {isa = PBXBuildFile; fileRef = 04D1BD202339AFF2004D9BF8 /* AppDelegate.m */; };
		04D1BD242339AFF2004D9BF8 /* TestViewController.m in Sources */ = {isa = PBXBuildFile; fileRef = 04D1BD232339AFF2004D9BF8 /* TestViewController.m */; };
		04D1BD272339AFF2004D9BF8 /* Main.storyboard in Resources */ = {isa = PBXBuildFile; fileRef = 04D1BD252339AFF2004D9BF8 /* Main.storyboard */; };
		04D1BD292339AFF3004D9BF8 /* Assets.xcassets in Resources */ = {isa = PBXBuildFile; fileRef = 04D1BD282339AFF3004D9BF8 /* Assets.xcassets */; };
		04D1BD2C2339AFF3004D9BF8 /* LaunchScreen.storyboard in Resources */ = {isa = PBXBuildFile; fileRef = 04D1BD2A2339AFF3004D9BF8 /* LaunchScreen.storyboard */; };
		04D1BD2F2339AFF3004D9BF8 /* main.m in Sources */ = {isa = PBXBuildFile; fileRef = 04D1BD2E2339AFF3004D9BF8 /* main.m */; };
		3F08B68B26033DF600326382 /* TKCrashNilSafe.m in Sources */ = {isa = PBXBuildFile; fileRef = 3F08B68A26033DF600326382 /* TKCrashNilSafe.m */; };
		3F280E0A25FF5488006C20FC /* NSAttributedString+CrashNilSafe.m in Sources */ = {isa = PBXBuildFile; fileRef = 3F280E0825FF5488006C20FC /* NSAttributedString+CrashNilSafe.m */; };
		3F4E659A25FCA6E700C822D3 /* NSObject+TKSafeCore.m in Sources */ = {isa = PBXBuildFile; fileRef = 3F4E659925FCA6E700C822D3 /* NSObject+TKSafeCore.m */; };
		3F4E65A025FCC25B00C822D3 /* NSObject+Selector.m in Sources */ = {isa = PBXBuildFile; fileRef = 3F4E659F25FCC25B00C822D3 /* NSObject+Selector.m */; };
		3F7303E8260637AE006769E8 /* NSJSONSerialization+TKCrashNilSafe.m in Sources */ = {isa = PBXBuildFile; fileRef = 3F7303E7260637AE006769E8 /* NSJSONSerialization+TKCrashNilSafe.m */; };
		3FEBA94C260350CB0014658F /* NSObject+CrashNilSafeKVO.m in Sources */ = {isa = PBXBuildFile; fileRef = 3FEBA94B260350CB0014658F /* NSObject+CrashNilSafeKVO.m */; };
		3FEBA950260363EE0014658F /* NSObject+CrashNilSafeKVC.m in Sources */ = {isa = PBXBuildFile; fileRef = 3FEBA94F260363EE0014658F /* NSObject+CrashNilSafeKVC.m */; };
/* End PBXBuildFile section */

/* Begin PBXFileReference section */
		04444BB9235569C800711375 /* NSString+CrashNilSafe.h */ = {isa = PBXFileReference; lastKnownFileType = sourcecode.c.h; path = "NSString+CrashNilSafe.h"; sourceTree = "<group>"; };
		04444BBA235569C800711375 /* NSString+CrashNilSafe.m */ = {isa = PBXFileReference; lastKnownFileType = sourcecode.c.objc; path = "NSString+CrashNilSafe.m"; sourceTree = "<group>"; };
		04444BC12355760900711375 /* NSSet+CrashNilSafe.h */ = {isa = PBXFileReference; lastKnownFileType = sourcecode.c.h; path = "NSSet+CrashNilSafe.h"; sourceTree = "<group>"; };
		04444BC22355760900711375 /* NSSet+CrashNilSafe.m */ = {isa = PBXFileReference; lastKnownFileType = sourcecode.c.objc; path = "NSSet+CrashNilSafe.m"; sourceTree = "<group>"; };
		04444BC9235578B500711375 /* NSCache+CrashNilSafe.h */ = {isa = PBXFileReference; lastKnownFileType = sourcecode.c.h; path = "NSCache+CrashNilSafe.h"; sourceTree = "<group>"; };
		04444BCA235578B500711375 /* NSCache+CrashNilSafe.m */ = {isa = PBXFileReference; lastKnownFileType = sourcecode.c.objc; path = "NSCache+CrashNilSafe.m"; sourceTree = "<group>"; };
		0481308A2366C00F008FECB4 /* VC2.h */ = {isa = PBXFileReference; lastKnownFileType = sourcecode.c.h; path = VC2.h; sourceTree = "<group>"; };
		0481308B2366C00F008FECB4 /* VC2.m */ = {isa = PBXFileReference; lastKnownFileType = sourcecode.c.objc; path = VC2.m; sourceTree = "<group>"; };
		048558D2234F2E9700C84640 /* TKCrashNilSafe.h */ = {isa = PBXFileReference; fileEncoding = 4; lastKnownFileType = sourcecode.c.h; path = TKCrashNilSafe.h; sourceTree = "<group>"; };
		048558D4234F2E9700C84640 /* NSArray+CrashNilSafe.m */ = {isa = PBXFileReference; fileEncoding = 4; lastKnownFileType = sourcecode.c.objc; path = "NSArray+CrashNilSafe.m"; sourceTree = "<group>"; };
		048558D5234F2E9700C84640 /* NSArray+CrashNilSafe.h */ = {isa = PBXFileReference; fileEncoding = 4; lastKnownFileType = sourcecode.c.h; path = "NSArray+CrashNilSafe.h"; sourceTree = "<group>"; };
		048558DA234F2E9700C84640 /* NSDictionary+CrashNilSafe.m */ = {isa = PBXFileReference; fileEncoding = 4; lastKnownFileType = sourcecode.c.objc; path = "NSDictionary+CrashNilSafe.m"; sourceTree = "<group>"; };
		048558DB234F2E9700C84640 /* NSDictionary+CrashNilSafe.h */ = {isa = PBXFileReference; fileEncoding = 4; lastKnownFileType = sourcecode.c.h; path = "NSDictionary+CrashNilSafe.h"; sourceTree = "<group>"; };
		04AD157323692E3C007430BD /* NSData+CrashNilSafe.h */ = {isa = PBXFileReference; fileEncoding = 4; lastKnownFileType = sourcecode.c.h; path = "NSData+CrashNilSafe.h"; sourceTree = "<group>"; };
		04AD157423692E3C007430BD /* NSData+CrashNilSafe.m */ = {isa = PBXFileReference; fileEncoding = 4; lastKnownFileType = sourcecode.c.objc; path = "NSData+CrashNilSafe.m"; sourceTree = "<group>"; };
		04D1BD1C2339AFF2004D9BF8 /* NilSafeTest.app */ = {isa = PBXFileReference; explicitFileType = wrapper.application; includeInIndex = 0; path = NilSafeTest.app; sourceTree = BUILT_PRODUCTS_DIR; };
		04D1BD1F2339AFF2004D9BF8 /* AppDelegate.h */ = {isa = PBXFileReference; lastKnownFileType = sourcecode.c.h; path = AppDelegate.h; sourceTree = "<group>"; };
		04D1BD202339AFF2004D9BF8 /* AppDelegate.m */ = {isa = PBXFileReference; lastKnownFileType = sourcecode.c.objc; path = AppDelegate.m; sourceTree = "<group>"; };
		04D1BD222339AFF2004D9BF8 /* TestViewController.h */ = {isa = PBXFileReference; lastKnownFileType = sourcecode.c.h; path = TestViewController.h; sourceTree = "<group>"; };
		04D1BD232339AFF2004D9BF8 /* TestViewController.m */ = {isa = PBXFileReference; lastKnownFileType = sourcecode.c.objc; path = TestViewController.m; sourceTree = "<group>"; };
		04D1BD262339AFF2004D9BF8 /* Base */ = {isa = PBXFileReference; lastKnownFileType = file.storyboard; name = Base; path = Base.lproj/Main.storyboard; sourceTree = "<group>"; };
		04D1BD282339AFF3004D9BF8 /* Assets.xcassets */ = {isa = PBXFileReference; lastKnownFileType = folder.assetcatalog; path = Assets.xcassets; sourceTree = "<group>"; };
		04D1BD2B2339AFF3004D9BF8 /* Base */ = {isa = PBXFileReference; lastKnownFileType = file.storyboard; name = Base; path = Base.lproj/LaunchScreen.storyboard; sourceTree = "<group>"; };
		04D1BD2D2339AFF3004D9BF8 /* Info.plist */ = {isa = PBXFileReference; lastKnownFileType = text.plist.xml; path = Info.plist; sourceTree = "<group>"; };
		04D1BD2E2339AFF3004D9BF8 /* main.m */ = {isa = PBXFileReference; lastKnownFileType = sourcecode.c.objc; path = main.m; sourceTree = "<group>"; };
		3F08B68926033DF600326382 /* TKCrashNilSafe.h */ = {isa = PBXFileReference; lastKnownFileType = sourcecode.c.h; path = TKCrashNilSafe.h; sourceTree = "<group>"; };
		3F08B68A26033DF600326382 /* TKCrashNilSafe.m */ = {isa = PBXFileReference; lastKnownFileType = sourcecode.c.objc; path = TKCrashNilSafe.m; sourceTree = "<group>"; };
		3F280E0825FF5488006C20FC /* NSAttributedString+CrashNilSafe.m */ = {isa = PBXFileReference; fileEncoding = 4; lastKnownFileType = sourcecode.c.objc; path = "NSAttributedString+CrashNilSafe.m"; sourceTree = "<group>"; };
		3F280E0925FF5488006C20FC /* NSAttributedString+CrashNilSafe.h */ = {isa = PBXFileReference; fileEncoding = 4; lastKnownFileType = sourcecode.c.h; path = "NSAttributedString+CrashNilSafe.h"; sourceTree = "<group>"; };
		3F4E658425FC9EF900C822D3 /* NilSafeTest.entitlements */ = {isa = PBXFileReference; lastKnownFileType = text.plist.entitlements; path = NilSafeTest.entitlements; sourceTree = "<group>"; };
		3F4E659825FCA6E700C822D3 /* NSObject+TKSafeCore.h */ = {isa = PBXFileReference; lastKnownFileType = sourcecode.c.h; path = "NSObject+TKSafeCore.h"; sourceTree = "<group>"; };
		3F4E659925FCA6E700C822D3 /* NSObject+TKSafeCore.m */ = {isa = PBXFileReference; lastKnownFileType = sourcecode.c.objc; path = "NSObject+TKSafeCore.m"; sourceTree = "<group>"; };
		3F4E659E25FCC25B00C822D3 /* NSObject+Selector.h */ = {isa = PBXFileReference; lastKnownFileType = sourcecode.c.h; path = "NSObject+Selector.h"; sourceTree = "<group>"; };
		3F4E659F25FCC25B00C822D3 /* NSObject+Selector.m */ = {isa = PBXFileReference; lastKnownFileType = sourcecode.c.objc; path = "NSObject+Selector.m"; sourceTree = "<group>"; };
		3F7303E6260637AE006769E8 /* NSJSONSerialization+TKCrashNilSafe.h */ = {isa = PBXFileReference; lastKnownFileType = sourcecode.c.h; path = "NSJSONSerialization+TKCrashNilSafe.h"; sourceTree = "<group>"; };
		3F7303E7260637AE006769E8 /* NSJSONSerialization+TKCrashNilSafe.m */ = {isa = PBXFileReference; lastKnownFileType = sourcecode.c.objc; path = "NSJSONSerialization+TKCrashNilSafe.m"; sourceTree = "<group>"; };
		3FEBA94A260350CB0014658F /* NSObject+CrashNilSafeKVO.h */ = {isa = PBXFileReference; lastKnownFileType = sourcecode.c.h; path = "NSObject+CrashNilSafeKVO.h"; sourceTree = "<group>"; };
		3FEBA94B260350CB0014658F /* NSObject+CrashNilSafeKVO.m */ = {isa = PBXFileReference; lastKnownFileType = sourcecode.c.objc; path = "NSObject+CrashNilSafeKVO.m"; sourceTree = "<group>"; };
		3FEBA94E260363EE0014658F /* NSObject+CrashNilSafeKVC.h */ = {isa = PBXFileReference; lastKnownFileType = sourcecode.c.h; path = "NSObject+CrashNilSafeKVC.h"; sourceTree = "<group>"; };
		3FEBA94F260363EE0014658F /* NSObject+CrashNilSafeKVC.m */ = {isa = PBXFileReference; lastKnownFileType = sourcecode.c.objc; path = "NSObject+CrashNilSafeKVC.m"; sourceTree = "<group>"; };
/* End PBXFileReference section */

/* Begin PBXFrameworksBuildPhase section */
		04D1BD192339AFF2004D9BF8 /* Frameworks */ = {
			isa = PBXFrameworksBuildPhase;
			buildActionMask = 2147483647;
			files = (
			);
			runOnlyForDeploymentPostprocessing = 0;
		};
/* End PBXFrameworksBuildPhase section */

/* Begin PBXGroup section */
		04444BB52355694D00711375 /* NSString */ = {
			isa = PBXGroup;
			children = (
				04444BB9235569C800711375 /* NSString+CrashNilSafe.h */,
				04444BBA235569C800711375 /* NSString+CrashNilSafe.m */,
			);
			path = NSString;
			sourceTree = "<group>";
		};
		04444BC0235575E700711375 /* NSSet */ = {
			isa = PBXGroup;
			children = (
				04444BC12355760900711375 /* NSSet+CrashNilSafe.h */,
				04444BC22355760900711375 /* NSSet+CrashNilSafe.m */,
			);
			path = NSSet;
			sourceTree = "<group>";
		};
		04444BC82355788800711375 /* NSCache */ = {
			isa = PBXGroup;
			children = (
				04444BC9235578B500711375 /* NSCache+CrashNilSafe.h */,
				04444BCA235578B500711375 /* NSCache+CrashNilSafe.m */,
			);
			path = NSCache;
			sourceTree = "<group>";
		};
		048558D1234F2E9700C84640 /* TKCrashNilSafe */ = {
			isa = PBXGroup;
			children = (
				3F4E659225FCA34300C822D3 /* Core */,
				3FDE9EA726024CA70038FE66 /* KVC */,
				3FDE9EA826024CAE0038FE66 /* KVO */,
				048558D3234F2E9700C84640 /* NSArray */,
				3F280E0725FF5488006C20FC /* NSAttributedString */,
				04444BC82355788800711375 /* NSCache */,
				04AD157223692E3C007430BD /* NSData */,
				048558D9234F2E9700C84640 /* NSDictionary */,
				3F7303E52606378F006769E8 /* NSJSONSerialization */,
				04444BC0235575E700711375 /* NSSet */,
				04444BB52355694D00711375 /* NSString */,
				3F4E659D25FCC14500C822D3 /* Selector */,
				048558D2234F2E9700C84640 /* TKCrashNilSafe.h */,
			);
			path = TKCrashNilSafe;
			sourceTree = SOURCE_ROOT;
		};
		048558D3234F2E9700C84640 /* NSArray */ = {
			isa = PBXGroup;
			children = (
				048558D5234F2E9700C84640 /* NSArray+CrashNilSafe.h */,
				048558D4234F2E9700C84640 /* NSArray+CrashNilSafe.m */,
			);
			path = NSArray;
			sourceTree = "<group>";
		};
		048558D9234F2E9700C84640 /* NSDictionary */ = {
			isa = PBXGroup;
			children = (
				048558DB234F2E9700C84640 /* NSDictionary+CrashNilSafe.h */,
				048558DA234F2E9700C84640 /* NSDictionary+CrashNilSafe.m */,
			);
			path = NSDictionary;
			sourceTree = "<group>";
		};
		04AD157223692E3C007430BD /* NSData */ = {
			isa = PBXGroup;
			children = (
				04AD157323692E3C007430BD /* NSData+CrashNilSafe.h */,
				04AD157423692E3C007430BD /* NSData+CrashNilSafe.m */,
			);
			path = NSData;
			sourceTree = "<group>";
		};
		04D1BD132339AFF2004D9BF8 = {
			isa = PBXGroup;
			children = (
				04D1BD1E2339AFF2004D9BF8 /* NilSafeTest */,
				04D1BD1D2339AFF2004D9BF8 /* Products */,
			);
			sourceTree = "<group>";
		};
		04D1BD1D2339AFF2004D9BF8 /* Products */ = {
			isa = PBXGroup;
			children = (
				04D1BD1C2339AFF2004D9BF8 /* NilSafeTest.app */,
			);
			name = Products;
			sourceTree = "<group>";
		};
		04D1BD1E2339AFF2004D9BF8 /* NilSafeTest */ = {
			isa = PBXGroup;
			children = (
				3F4E658425FC9EF900C822D3 /* NilSafeTest.entitlements */,
				048558D1234F2E9700C84640 /* TKCrashNilSafe */,
				04D1BD1F2339AFF2004D9BF8 /* AppDelegate.h */,
				04D1BD202339AFF2004D9BF8 /* AppDelegate.m */,
				04D1BD222339AFF2004D9BF8 /* TestViewController.h */,
				04D1BD232339AFF2004D9BF8 /* TestViewController.m */,
				0481308A2366C00F008FECB4 /* VC2.h */,
				0481308B2366C00F008FECB4 /* VC2.m */,
				04D1BD252339AFF2004D9BF8 /* Main.storyboard */,
				04D1BD282339AFF3004D9BF8 /* Assets.xcassets */,
				04D1BD2A2339AFF3004D9BF8 /* LaunchScreen.storyboard */,
				04D1BD2D2339AFF3004D9BF8 /* Info.plist */,
				04D1BD2E2339AFF3004D9BF8 /* main.m */,
			);
			path = NilSafeTest;
			sourceTree = "<group>";
		};
		3F280E0725FF5488006C20FC /* NSAttributedString */ = {
			isa = PBXGroup;
			children = (
				3F280E0925FF5488006C20FC /* NSAttributedString+CrashNilSafe.h */,
				3F280E0825FF5488006C20FC /* NSAttributedString+CrashNilSafe.m */,
			);
			path = NSAttributedString;
			sourceTree = "<group>";
		};
		3F4E659225FCA34300C822D3 /* Core */ = {
			isa = PBXGroup;
			children = (
				3F4E659825FCA6E700C822D3 /* NSObject+TKSafeCore.h */,
				3F4E659925FCA6E700C822D3 /* NSObject+TKSafeCore.m */,
				3F08B68926033DF600326382 /* TKCrashNilSafe.h */,
				3F08B68A26033DF600326382 /* TKCrashNilSafe.m */,
			);
			path = Core;
			sourceTree = "<group>";
		};
		3F4E659D25FCC14500C822D3 /* Selector */ = {
			isa = PBXGroup;
			children = (
				3F4E659E25FCC25B00C822D3 /* NSObject+Selector.h */,
				3F4E659F25FCC25B00C822D3 /* NSObject+Selector.m */,
			);
			path = Selector;
			sourceTree = "<group>";
		};
		3F7303E52606378F006769E8 /* NSJSONSerialization */ = {
			isa = PBXGroup;
			children = (
				3F7303E6260637AE006769E8 /* NSJSONSerialization+TKCrashNilSafe.h */,
				3F7303E7260637AE006769E8 /* NSJSONSerialization+TKCrashNilSafe.m */,
			);
			path = NSJSONSerialization;
			sourceTree = "<group>";
		};
		3FDE9EA726024CA70038FE66 /* KVC */ = {
			isa = PBXGroup;
			children = (
				3FEBA94E260363EE0014658F /* NSObject+CrashNilSafeKVC.h */,
				3FEBA94F260363EE0014658F /* NSObject+CrashNilSafeKVC.m */,
			);
			path = KVC;
			sourceTree = "<group>";
		};
		3FDE9EA826024CAE0038FE66 /* KVO */ = {
			isa = PBXGroup;
			children = (
				3FEBA94A260350CB0014658F /* NSObject+CrashNilSafeKVO.h */,
				3FEBA94B260350CB0014658F /* NSObject+CrashNilSafeKVO.m */,
			);
			path = KVO;
			sourceTree = "<group>";
		};
/* End PBXGroup section */

/* Begin PBXNativeTarget section */
		04D1BD1B2339AFF2004D9BF8 /* NilSafeTest */ = {
			isa = PBXNativeTarget;
			buildConfigurationList = 04D1BD322339AFF3004D9BF8 /* Build configuration list for PBXNativeTarget "NilSafeTest" */;
			buildPhases = (
				04D1BD182339AFF2004D9BF8 /* Sources */,
				04D1BD192339AFF2004D9BF8 /* Frameworks */,
				04D1BD1A2339AFF2004D9BF8 /* Resources */,
			);
			buildRules = (
			);
			dependencies = (
			);
			name = NilSafeTest;
			productName = NilSafeTest;
			productReference = 04D1BD1C2339AFF2004D9BF8 /* NilSafeTest.app */;
			productType = "com.apple.product-type.application";
		};
/* End PBXNativeTarget section */

/* Begin PBXProject section */
		04D1BD142339AFF2004D9BF8 /* Project object */ = {
			isa = PBXProject;
			attributes = {
				LastUpgradeCheck = 1240;
				ORGANIZATIONNAME = mac;
				TargetAttributes = {
					04D1BD1B2339AFF2004D9BF8 = {
						CreatedOnToolsVersion = 10.2.1;
					};
				};
			};
			buildConfigurationList = 04D1BD172339AFF2004D9BF8 /* Build configuration list for PBXProject "NilSafeTest" */;
			compatibilityVersion = "Xcode 9.3";
			developmentRegion = en;
			hasScannedForEncodings = 0;
			knownRegions = (
				en,
				Base,
			);
			mainGroup = 04D1BD132339AFF2004D9BF8;
			productRefGroup = 04D1BD1D2339AFF2004D9BF8 /* Products */;
			projectDirPath = "";
			projectRoot = "";
			targets = (
				04D1BD1B2339AFF2004D9BF8 /* NilSafeTest */,
			);
		};
/* End PBXProject section */

/* Begin PBXResourcesBuildPhase section */
		04D1BD1A2339AFF2004D9BF8 /* Resources */ = {
			isa = PBXResourcesBuildPhase;
			buildActionMask = 2147483647;
			files = (
				04D1BD2C2339AFF3004D9BF8 /* LaunchScreen.storyboard in Resources */,
				04D1BD292339AFF3004D9BF8 /* Assets.xcassets in Resources */,
				04D1BD272339AFF2004D9BF8 /* Main.storyboard in Resources */,
			);
			runOnlyForDeploymentPostprocessing = 0;
		};
/* End PBXResourcesBuildPhase section */

/* Begin PBXSourcesBuildPhase section */
		04D1BD182339AFF2004D9BF8 /* Sources */ = {
			isa = PBXSourcesBuildPhase;
			buildActionMask = 2147483647;
			files = (
				3F7303E8260637AE006769E8 /* NSJSONSerialization+TKCrashNilSafe.m in Sources */,
				04D1BD242339AFF2004D9BF8 /* TestViewController.m in Sources */,
				04D1BD2F2339AFF3004D9BF8 /* main.m in Sources */,
				0481308C2366C00F008FECB4 /* VC2.m in Sources */,
				04444BCB235578B500711375 /* NSCache+CrashNilSafe.m in Sources */,
				04AD157523692E3C007430BD /* NSData+CrashNilSafe.m in Sources */,
				3F280E0A25FF5488006C20FC /* NSAttributedString+CrashNilSafe.m in Sources */,
				04D1BD212339AFF2004D9BF8 /* AppDelegate.m in Sources */,
				3F4E659A25FCA6E700C822D3 /* NSObject+TKSafeCore.m in Sources */,
				04444BBB235569C800711375 /* NSString+CrashNilSafe.m in Sources */,
				048558DC234F2E9800C84640 /* NSArray+CrashNilSafe.m in Sources */,
				3FEBA950260363EE0014658F /* NSObject+CrashNilSafeKVC.m in Sources */,
				3FEBA94C260350CB0014658F /* NSObject+CrashNilSafeKVO.m in Sources */,
				3F4E65A025FCC25B00C822D3 /* NSObject+Selector.m in Sources */,
				3F08B68B26033DF600326382 /* TKCrashNilSafe.m in Sources */,
				048558DE234F2E9800C84640 /* NSDictionary+CrashNilSafe.m in Sources */,
				04444BC32355760900711375 /* NSSet+CrashNilSafe.m in Sources */,
			);
			runOnlyForDeploymentPostprocessing = 0;
		};
/* End PBXSourcesBuildPhase section */

/* Begin PBXVariantGroup section */
		04D1BD252339AFF2004D9BF8 /* Main.storyboard */ = {
			isa = PBXVariantGroup;
			children = (
				04D1BD262339AFF2004D9BF8 /* Base */,
			);
			name = Main.storyboard;
			sourceTree = "<group>";
		};
		04D1BD2A2339AFF3004D9BF8 /* LaunchScreen.storyboard */ = {
			isa = PBXVariantGroup;
			children = (
				04D1BD2B2339AFF3004D9BF8 /* Base */,
			);
			name = LaunchScreen.storyboard;
			sourceTree = "<group>";
		};
/* End PBXVariantGroup section */

/* Begin XCBuildConfiguration section */
		04D1BD302339AFF3004D9BF8 /* Debug */ = {
			isa = XCBuildConfiguration;
			buildSettings = {
				ALWAYS_SEARCH_USER_PATHS = NO;
				CLANG_ANALYZER_NONNULL = YES;
				CLANG_ANALYZER_NUMBER_OBJECT_CONVERSION = YES_AGGRESSIVE;
				CLANG_CXX_LANGUAGE_STANDARD = "gnu++14";
				CLANG_CXX_LIBRARY = "libc++";
				CLANG_ENABLE_MODULES = YES;
				CLANG_ENABLE_OBJC_ARC = YES;
				CLANG_ENABLE_OBJC_WEAK = YES;
				CLANG_WARN_BLOCK_CAPTURE_AUTORELEASING = YES;
				CLANG_WARN_BOOL_CONVERSION = YES;
				CLANG_WARN_COMMA = YES;
				CLANG_WARN_CONSTANT_CONVERSION = YES;
				CLANG_WARN_DEPRECATED_OBJC_IMPLEMENTATIONS = YES;
				CLANG_WARN_DIRECT_OBJC_ISA_USAGE = YES_ERROR;
				CLANG_WARN_DOCUMENTATION_COMMENTS = YES;
				CLANG_WARN_EMPTY_BODY = YES;
				CLANG_WARN_ENUM_CONVERSION = YES;
				CLANG_WARN_INFINITE_RECURSION = YES;
				CLANG_WARN_INT_CONVERSION = YES;
				CLANG_WARN_NON_LITERAL_NULL_CONVERSION = YES;
				CLANG_WARN_OBJC_IMPLICIT_RETAIN_SELF = YES;
				CLANG_WARN_OBJC_LITERAL_CONVERSION = YES;
				CLANG_WARN_OBJC_ROOT_CLASS = YES_ERROR;
				CLANG_WARN_QUOTED_INCLUDE_IN_FRAMEWORK_HEADER = YES;
				CLANG_WARN_RANGE_LOOP_ANALYSIS = YES;
				CLANG_WARN_STRICT_PROTOTYPES = YES;
				CLANG_WARN_SUSPICIOUS_MOVE = YES;
				CLANG_WARN_UNGUARDED_AVAILABILITY = YES_AGGRESSIVE;
				CLANG_WARN_UNREACHABLE_CODE = YES;
				CLANG_WARN__DUPLICATE_METHOD_MATCH = YES;
				CODE_SIGN_IDENTITY = "iPhone Developer";
				COPY_PHASE_STRIP = NO;
				DEBUG_INFORMATION_FORMAT = dwarf;
				ENABLE_STRICT_OBJC_MSGSEND = YES;
				ENABLE_TESTABILITY = YES;
				GCC_C_LANGUAGE_STANDARD = gnu11;
				GCC_DYNAMIC_NO_PIC = NO;
				GCC_NO_COMMON_BLOCKS = YES;
				GCC_OPTIMIZATION_LEVEL = 0;
				GCC_PREPROCESSOR_DEFINITIONS = (
					"DEBUG=1",
					"$(inherited)",
				);
				GCC_WARN_64_TO_32_BIT_CONVERSION = YES;
				GCC_WARN_ABOUT_RETURN_TYPE = YES_ERROR;
				GCC_WARN_UNDECLARED_SELECTOR = YES;
				GCC_WARN_UNINITIALIZED_AUTOS = YES_AGGRESSIVE;
				GCC_WARN_UNUSED_FUNCTION = YES;
				GCC_WARN_UNUSED_VARIABLE = YES;
				IPHONEOS_DEPLOYMENT_TARGET = 12.2;
				MTL_ENABLE_DEBUG_INFO = INCLUDE_SOURCE;
				MTL_FAST_MATH = YES;
				ONLY_ACTIVE_ARCH = YES;
				SDKROOT = iphoneos;
			};
			name = Debug;
		};
		04D1BD312339AFF3004D9BF8 /* Release */ = {
			isa = XCBuildConfiguration;
			buildSettings = {
				ALWAYS_SEARCH_USER_PATHS = NO;
				CLANG_ANALYZER_NONNULL = YES;
				CLANG_ANALYZER_NUMBER_OBJECT_CONVERSION = YES_AGGRESSIVE;
				CLANG_CXX_LANGUAGE_STANDARD = "gnu++14";
				CLANG_CXX_LIBRARY = "libc++";
				CLANG_ENABLE_MODULES = YES;
				CLANG_ENABLE_OBJC_ARC = YES;
				CLANG_ENABLE_OBJC_WEAK = YES;
				CLANG_WARN_BLOCK_CAPTURE_AUTORELEASING = YES;
				CLANG_WARN_BOOL_CONVERSION = YES;
				CLANG_WARN_COMMA = YES;
				CLANG_WARN_CONSTANT_CONVERSION = YES;
				CLANG_WARN_DEPRECATED_OBJC_IMPLEMENTATIONS = YES;
				CLANG_WARN_DIRECT_OBJC_ISA_USAGE = YES_ERROR;
				CLANG_WARN_DOCUMENTATION_COMMENTS = YES;
				CLANG_WARN_EMPTY_BODY = YES;
				CLANG_WARN_ENUM_CONVERSION = YES;
				CLANG_WARN_INFINITE_RECURSION = YES;
				CLANG_WARN_INT_CONVERSION = YES;
				CLANG_WARN_NON_LITERAL_NULL_CONVERSION = YES;
				CLANG_WARN_OBJC_IMPLICIT_RETAIN_SELF = YES;
				CLANG_WARN_OBJC_LITERAL_CONVERSION = YES;
				CLANG_WARN_OBJC_ROOT_CLASS = YES_ERROR;
				CLANG_WARN_QUOTED_INCLUDE_IN_FRAMEWORK_HEADER = YES;
				CLANG_WARN_RANGE_LOOP_ANALYSIS = YES;
				CLANG_WARN_STRICT_PROTOTYPES = YES;
				CLANG_WARN_SUSPICIOUS_MOVE = YES;
				CLANG_WARN_UNGUARDED_AVAILABILITY = YES_AGGRESSIVE;
				CLANG_WARN_UNREACHABLE_CODE = YES;
				CLANG_WARN__DUPLICATE_METHOD_MATCH = YES;
				CODE_SIGN_IDENTITY = "iPhone Developer";
				COPY_PHASE_STRIP = NO;
				DEBUG_INFORMATION_FORMAT = "dwarf-with-dsym";
				ENABLE_NS_ASSERTIONS = NO;
				ENABLE_STRICT_OBJC_MSGSEND = YES;
				GCC_C_LANGUAGE_STANDARD = gnu11;
				GCC_NO_COMMON_BLOCKS = YES;
				GCC_WARN_64_TO_32_BIT_CONVERSION = YES;
				GCC_WARN_ABOUT_RETURN_TYPE = YES_ERROR;
				GCC_WARN_UNDECLARED_SELECTOR = YES;
				GCC_WARN_UNINITIALIZED_AUTOS = YES_AGGRESSIVE;
				GCC_WARN_UNUSED_FUNCTION = YES;
				GCC_WARN_UNUSED_VARIABLE = YES;
				IPHONEOS_DEPLOYMENT_TARGET = 12.2;
				MTL_ENABLE_DEBUG_INFO = NO;
				MTL_FAST_MATH = YES;
				SDKROOT = iphoneos;
				VALIDATE_PRODUCT = YES;
			};
			name = Release;
		};
		04D1BD332339AFF3004D9BF8 /* Debug */ = {
			isa = XCBuildConfiguration;
			buildSettings = {
				ASSETCATALOG_COMPILER_APPICON_NAME = AppIcon;
				CODE_SIGN_ENTITLEMENTS = NilSafeTest/NilSafeTest.entitlements;
				CODE_SIGN_IDENTITY = "Apple Development";
				"CODE_SIGN_IDENTITY[sdk=macosx*]" = "-";
				CODE_SIGN_STYLE = Automatic;
				DEVELOPMENT_TEAM = 39E8LG3NH3;
				INFOPLIST_FILE = NilSafeTest/Info.plist;
				LD_RUNPATH_SEARCH_PATHS = (
					"$(inherited)",
					"@executable_path/Frameworks",
				);
				OTHER_LDFLAGS = "";
				PRODUCT_BUNDLE_IDENTIFIER = com.sayaDev.NilSafeTest;
				PRODUCT_NAME = "$(TARGET_NAME)";
				PROVISIONING_PROFILE_SPECIFIER = "";
				"PROVISIONING_PROFILE_SPECIFIER[sdk=macosx*]" = "";
				SUPPORTS_MACCATALYST = YES;
				TARGETED_DEVICE_FAMILY = "1,2";
			};
			name = Debug;
		};
		04D1BD342339AFF3004D9BF8 /* Release */ = {
			isa = XCBuildConfiguration;
			buildSettings = {
				ASSETCATALOG_COMPILER_APPICON_NAME = AppIcon;
				CODE_SIGN_ENTITLEMENTS = NilSafeTest/NilSafeTest.entitlements;
				CODE_SIGN_IDENTITY = "Apple Development";
				"CODE_SIGN_IDENTITY[sdk=macosx*]" = "-";
				CODE_SIGN_STYLE = Automatic;
				DEVELOPMENT_TEAM = 39E8LG3NH3;
				INFOPLIST_FILE = NilSafeTest/Info.plist;
				LD_RUNPATH_SEARCH_PATHS = (
					"$(inherited)",
					"@executable_path/Frameworks",
				);
				OTHER_LDFLAGS = "";
				PRODUCT_BUNDLE_IDENTIFIER = com.sayaDev.NilSafeTest;
				PRODUCT_NAME = "$(TARGET_NAME)";
				PROVISIONING_PROFILE_SPECIFIER = "";
				"PROVISIONING_PROFILE_SPECIFIER[sdk=macosx*]" = "";
				SUPPORTS_MACCATALYST = YES;
				TARGETED_DEVICE_FAMILY = "1,2";
			};
			name = Release;
		};
/* End XCBuildConfiguration section */

/* Begin XCConfigurationList section */
		04D1BD172339AFF2004D9BF8 /* Build configuration list for PBXProject "NilSafeTest" */ = {
			isa = XCConfigurationList;
			buildConfigurations = (
				04D1BD302339AFF3004D9BF8 /* Debug */,
				04D1BD312339AFF3004D9BF8 /* Release */,
			);
			defaultConfigurationIsVisible = 0;
			defaultConfigurationName = Release;
		};
		04D1BD322339AFF3004D9BF8 /* Build configuration list for PBXNativeTarget "NilSafeTest" */ = {
			isa = XCConfigurationList;
			buildConfigurations = (
				04D1BD332339AFF3004D9BF8 /* Debug */,
				04D1BD342339AFF3004D9BF8 /* Release */,
			);
			defaultConfigurationIsVisible = 0;
			defaultConfigurationName = Release;
		};
/* End XCConfigurationList section */
	};
	rootObject = 04D1BD142339AFF2004D9BF8 /* Project object */;
}
